
Microsoft Visual Studio Solution File, Format Version 12.00
# Visual Studio 2015
Project("{FAE04EC0-301F-11D3-BF4B-00C04F79EFBC}") = "Unity Multiplayer Networking Tutorial", "Unity Multiplayer Networking Tutorial.csproj", "{2D91F313-45D0-7A92-5DE1-665D7C98C1C7}"
EndProject
Global
	GlobalSection(SolutionConfigurationPlatforms) = preSolution
		Debug|Any CPU = Debug|Any CPU
		Release|Any CPU = Release|Any CPU
	EndGlobalSection
	GlobalSection(ProjectConfigurationPlatforms) = postSolution
		{2D91F313-45D0-7A92-5DE1-665D7C98C1C7}.Debug|Any CPU.ActiveCfg = Debug|Any CPU
		{2D91F313-45D0-7A92-5DE1-665D7C98C1C7}.Debug|Any CPU.Build.0 = Debug|Any CPU
		{2D91F313-45D0-7A92-5DE1-665D7C98C1C7}.Release|Any CPU.ActiveCfg = Release|Any CPU
		{2D91F313-45D0-7A92-5DE1-665D7C98C1C7}.Release|Any CPU.Build.0 = Release|Any CPU
	EndGlobalSection
	GlobalSection(SolutionProperties) = preSolution
		HideSolutionNode = FALSE
	EndGlobalSection
EndGlobal
